// !$*UTF8*$!
{
	archiveVersion = 1;
	classes = {
	};
	objectVersion = 50;
	objects = {

/* Begin PBXBuildFile section */
		C095B21B250F313A000AC71B /* AppDelegate.swift in Sources */ = {isa = PBXBuildFile; fileRef = C095B21A250F313A000AC71B /* AppDelegate.swift */; };
		C095B21D250F313A000AC71B /* SceneDelegate.swift in Sources */ = {isa = PBXBuildFile; fileRef = C095B21C250F313A000AC71B /* SceneDelegate.swift */; };
		C095B220250F313A000AC71B /* CoreDataProject.xcdatamodeld in Sources */ = {isa = PBXBuildFile; fileRef = C095B21E250F313A000AC71B /* CoreDataProject.xcdatamodeld */; };
		C095B222250F313A000AC71B /* ContentView.swift in Sources */ = {isa = PBXBuildFile; fileRef = C095B221250F313A000AC71B /* ContentView.swift */; };
		C095B224250F313B000AC71B /* Assets.xcassets in Resources */ = {isa = PBXBuildFile; fileRef = C095B223250F313B000AC71B /* Assets.xcassets */; };
		C095B227250F313B000AC71B /* Preview Assets.xcassets in Resources */ = {isa = PBXBuildFile; fileRef = C095B226250F313B000AC71B /* Preview Assets.xcassets */; };
		C095B22A250F313B000AC71B /* LaunchScreen.storyboard in Resources */ = {isa = PBXBuildFile; fileRef = C095B228250F313B000AC71B /* LaunchScreen.storyboard */; };
		C0E2185D25115218003F1F23 /* FilteredList.swift in Sources */ = {isa = PBXBuildFile; fileRef = C0E2185C25115218003F1F23 /* FilteredList.swift */; };
		C0E2186225116C5C003F1F23 /* Country+CoreDataClass.swift in Sources */ = {isa = PBXBuildFile; fileRef = C0E2185E25116C5C003F1F23 /* Country+CoreDataClass.swift */; };
		C0E2186325116C5C003F1F23 /* Country+CoreDataProperties.swift in Sources */ = {isa = PBXBuildFile; fileRef = C0E2185F25116C5C003F1F23 /* Country+CoreDataProperties.swift */; };
		C0E2186425116C5C003F1F23 /* Candy+CoreDataClass.swift in Sources */ = {isa = PBXBuildFile; fileRef = C0E2186025116C5C003F1F23 /* Candy+CoreDataClass.swift */; };
		C0E2186525116C5C003F1F23 /* Candy+CoreDataProperties.swift in Sources */ = {isa = PBXBuildFile; fileRef = C0E2186125116C5C003F1F23 /* Candy+CoreDataProperties.swift */; };
/* End PBXBuildFile section */

/* Begin PBXFileReference section */
		C095B217250F313A000AC71B /* CoreDataProject.app */ = {isa = PBXFileReference; explicitFileType = wrapper.application; includeInIndex = 0; path = CoreDataProject.app; sourceTree = BUILT_PRODUCTS_DIR; };
		C095B21A250F313A000AC71B /* AppDelegate.swift */ = {isa = PBXFileReference; lastKnownFileType = sourcecode.swift; path = AppDelegate.swift; sourceTree = "<group>"; };
		C095B21C250F313A000AC71B /* SceneDelegate.swift */ = {isa = PBXFileReference; lastKnownFileType = sourcecode.swift; path = SceneDelegate.swift; sourceTree = "<group>"; };
		C095B21F250F313A000AC71B /* CoreDataProject.xcdatamodel */ = {isa = PBXFileReference; lastKnownFileType = wrapper.xcdatamodel; path = CoreDataProject.xcdatamodel; sourceTree = "<group>"; };
		C095B221250F313A000AC71B /* ContentView.swift */ = {isa = PBXFileReference; lastKnownFileType = sourcecode.swift; path = ContentView.swift; sourceTree = "<group>"; };
		C095B223250F313B000AC71B /* Assets.xcassets */ = {isa = PBXFileReference; lastKnownFileType = folder.assetcatalog; path = Assets.xcassets; sourceTree = "<group>"; };
		C095B226250F313B000AC71B /* Preview Assets.xcassets */ = {isa = PBXFileReference; lastKnownFileType = folder.assetcatalog; path = "Preview Assets.xcassets"; sourceTree = "<group>"; };
		C095B229250F313B000AC71B /* Base */ = {isa = PBXFileReference; lastKnownFileType = file.storyboard; name = Base; path = Base.lproj/LaunchScreen.storyboard; sourceTree = "<group>"; };
		C095B22B250F313B000AC71B /* Info.plist */ = {isa = PBXFileReference; lastKnownFileType = text.plist.xml; path = Info.plist; sourceTree = "<group>"; };
		C0E2185C25115218003F1F23 /* FilteredList.swift */ = {isa = PBXFileReference; lastKnownFileType = sourcecode.swift; path = FilteredList.swift; sourceTree = "<group>"; };
		C0E2185E25116C5C003F1F23 /* Country+CoreDataClass.swift */ = {isa = PBXFileReference; lastKnownFileType = sourcecode.swift; name = "Country+CoreDataClass.swift"; path = "CoreDataProject/Country+CoreDataClass.swift"; sourceTree = "<group>"; };
		C0E2185F25116C5C003F1F23 /* Country+CoreDataProperties.swift */ = {isa = PBXFileReference; lastKnownFileType = sourcecode.swift; name = "Country+CoreDataProperties.swift"; path = "CoreDataProject/Country+CoreDataProperties.swift"; sourceTree = "<group>"; };
		C0E2186025116C5C003F1F23 /* Candy+CoreDataClass.swift */ = {isa = PBXFileReference; lastKnownFileType = sourcecode.swift; name = "Candy+CoreDataClass.swift"; path = "CoreDataProject/Candy+CoreDataClass.swift"; sourceTree = "<group>"; };
		C0E2186125116C5C003F1F23 /* Candy+CoreDataProperties.swift */ = {isa = PBXFileReference; lastKnownFileType = sourcecode.swift; name = "Candy+CoreDataProperties.swift"; path = "CoreDataProject/Candy+CoreDataProperties.swift"; sourceTree = "<group>"; };
/* End PBXFileReference section */

/* Begin PBXFrameworksBuildPhase section */
		C095B214250F313A000AC71B /* Frameworks */ = {
			isa = PBXFrameworksBuildPhase;
			buildActionMask = 2147483647;
			files = (
			);
			runOnlyForDeploymentPostprocessing = 0;
		};
/* End PBXFrameworksBuildPhase section */

/* Begin PBXGroup section */
		C095B20E250F313A000AC71B = {
			isa = PBXGroup;
			children = (
				C0E2185E25116C5C003F1F23 /* Country+CoreDataClass.swift */,
				C0E2185F25116C5C003F1F23 /* Country+CoreDataProperties.swift */,
				C0E2186025116C5C003F1F23 /* Candy+CoreDataClass.swift */,
				C0E2186125116C5C003F1F23 /* Candy+CoreDataProperties.swift */,
				C095B219250F313A000AC71B /* CoreDataProject */,
				C095B218250F313A000AC71B /* Products */,
			);
			sourceTree = "<group>";
		};
		C095B218250F313A000AC71B /* Products */ = {
			isa = PBXGroup;
			children = (
				C095B217250F313A000AC71B /* CoreDataProject.app */,
			);
			name = Products;
			sourceTree = "<group>";
		};
		C095B219250F313A000AC71B /* CoreDataProject */ = {
			isa = PBXGroup;
			children = (
				C095B21A250F313A000AC71B /* AppDelegate.swift */,
				C095B21C250F313A000AC71B /* SceneDelegate.swift */,
				C095B221250F313A000AC71B /* ContentView.swift */,
				C0E2185C25115218003F1F23 /* FilteredList.swift */,
				C095B223250F313B000AC71B /* Assets.xcassets */,
				C095B228250F313B000AC71B /* LaunchScreen.storyboard */,
				C095B22B250F313B000AC71B /* Info.plist */,
				C095B21E250F313A000AC71B /* CoreDataProject.xcdatamodeld */,
				C095B225250F313B000AC71B /* Preview Content */,
			);
			path = CoreDataProject;
			sourceTree = "<group>";
		};
		C095B225250F313B000AC71B /* Preview Content */ = {
			isa = PBXGroup;
			children = (
				C095B226250F313B000AC71B /* Preview Assets.xcassets */,
			);
			path = "Preview Content";
			sourceTree = "<group>";
		};
/* End PBXGroup section */

/* Begin PBXNativeTarget section */
		C095B216250F313A000AC71B /* CoreDataProject */ = {
			isa = PBXNativeTarget;
			buildConfigurationList = C095B22E250F313B000AC71B /* Build configuration list for PBXNativeTarget "CoreDataProject" */;
			buildPhases = (
				C095B213250F313A000AC71B /* Sources */,
				C095B214250F313A000AC71B /* Frameworks */,
				C095B215250F313A000AC71B /* Resources */,
			);
			buildRules = (
			);
			dependencies = (
			);
			name = CoreDataProject;
			productName = CoreDataProject;
			productReference = C095B217250F313A000AC71B /* CoreDataProject.app */;
			productType = "com.apple.product-type.application";
		};
/* End PBXNativeTarget section */

/* Begin PBXProject section */
		C095B20F250F313A000AC71B /* Project object */ = {
			isa = PBXProject;
			attributes = {
				LastSwiftUpdateCheck = 1170;
				LastUpgradeCheck = 1170;
				ORGANIZATIONNAME = "George Solorio";
				TargetAttributes = {
					C095B216250F313A000AC71B = {
						CreatedOnToolsVersion = 11.7;
					};
				};
			};
			buildConfigurationList = C095B212250F313A000AC71B /* Build configuration list for PBXProject "CoreDataProject" */;
			compatibilityVersion = "Xcode 9.3";
			developmentRegion = en;
			hasScannedForEncodings = 0;
			knownRegions = (
				en,
				Base,
			);
			mainGroup = C095B20E250F313A000AC71B;
			productRefGroup = C095B218250F313A000AC71B /* Products */;
			projectDirPath = "";
			projectRoot = "";
			targets = (
				C095B216250F313A000AC71B /* CoreDataProject */,
			);
		};
/* End PBXProject section */

/* Begin PBXResourcesBuildPhase section */
		C095B215250F313A000AC71B /* Resources */ = {
			isa = PBXResourcesBuildPhase;
			buildActionMask = 2147483647;
			files = (
				C095B22A250F313B000AC71B /* LaunchScreen.storyboard in Resources */,
				C095B227250F313B000AC71B /* Preview Assets.xcassets in Resources */,
				C095B224250F313B000AC71B /* Assets.xcassets in Resources */,
			);
			runOnlyForDeploymentPostprocessing = 0;
		};
/* End PBXResourcesBuildPhase section */

/* Begin PBXSourcesBuildPhase section */
		C095B213250F313A000AC71B /* Sources */ = {
			isa = PBXSourcesBuildPhase;
			buildActionMask = 2147483647;
			files = (
				C095B21B250F313A000AC71B /* AppDelegate.swift in Sources */,
				C095B21D250F313A000AC71B /* SceneDelegate.swift in Sources */,
				C0E2186325116C5C003F1F23 /* Country+CoreDataProperties.swift in Sources */,
				C0E2186225116C5C003F1F23 /* Country+CoreDataClass.swift in Sources */,
				C095B222250F313A000AC71B /* ContentView.swift in Sources */,
				C095B220250F313A000AC71B /* CoreDataProject.xcdatamodeld in Sources */,
				C0E2186525116C5C003F1F23 /* Candy+CoreDataProperties.swift in Sources */,
				C0E2185D25115218003F1F23 /* FilteredList.swift in Sources */,
				C0E2186425116C5C003F1F23 /* Candy+CoreDataClass.swift in Sources */,
			);
			runOnlyForDeploymentPostprocessing = 0;
		};
/* End PBXSourcesBuildPhase section */

/* Begin PBXVariantGroup section */
		C095B228250F313B000AC71B /* LaunchScreen.storyboard */ = {
			isa = PBXVariantGroup;
			children = (
				C095B229250F313B000AC71B /* Base */,
			);
			name = LaunchScreen.storyboard;
			sourceTree = "<group>";
		};
/* End PBXVariantGroup section */

/* Begin XCBuildConfiguration section */
		C095B22C250F313B000AC71B /* Debug */ = {
			isa = XCBuildConfiguration;
			buildSettings = {
				ALWAYS_SEARCH_USER_PATHS = NO;
				CLANG_ANALYZER_NONNULL = YES;
				CLANG_ANALYZER_NUMBER_OBJECT_CONVERSION = YES_AGGRESSIVE;
				CLANG_CXX_LANGUAGE_STANDARD = "gnu++14";
				CLANG_CXX_LIBRARY = "libc++";
				CLANG_ENABLE_MODULES = YES;
				CLANG_ENABLE_OBJC_ARC = YES;
				CLANG_ENABLE_OBJC_WEAK = YES;
				CLANG_WARN_BLOCK_CAPTURE_AUTORELEASING = YES;
				CLANG_WARN_BOOL_CONVERSION = YES;
				CLANG_WARN_COMMA = YES;
				CLANG_WARN_CONSTANT_CONVERSION = YES;
				CLANG_WARN_DEPRECATED_OBJC_IMPLEMENTATIONS = YES;
				CLANG_WARN_DIRECT_OBJC_ISA_USAGE = YES_ERROR;
				CLANG_WARN_DOCUMENTATION_COMMENTS = YES;
				CLANG_WARN_EMPTY_BODY = YES;
				CLANG_WARN_ENUM_CONVERSION = YES;
				CLANG_WARN_INFINITE_RECURSION = YES;
				CLANG_WARN_INT_CONVERSION = YES;
				CLANG_WARN_NON_LITERAL_NULL_CONVERSION = YES;
				CLANG_WARN_OBJC_IMPLICIT_RETAIN_SELF = YES;
				CLANG_WARN_OBJC_LITERAL_CONVERSION = YES;
				CLANG_WARN_OBJC_ROOT_CLASS = YES_ERROR;
				CLANG_WARN_RANGE_LOOP_ANALYSIS = YES;
				CLANG_WARN_STRICT_PROTOTYPES = YES;
				CLANG_WARN_SUSPICIOUS_MOVE = YES;
				CLANG_WARN_UNGUARDED_AVAILABILITY = YES_AGGRESSIVE;
				CLANG_WARN_UNREACHABLE_CODE = YES;
				CLANG_WARN__DUPLICATE_METHOD_MATCH = YES;
				COPY_PHASE_STRIP = NO;
				DEBUG_INFORMATION_FORMAT = dwarf;
				ENABLE_STRICT_OBJC_MSGSEND = YES;
				ENABLE_TESTABILITY = YES;
				GCC_C_LANGUAGE_STANDARD = gnu11;
				GCC_DYNAMIC_NO_PIC = NO;
				GCC_NO_COMMON_BLOCKS = YES;
				GCC_OPTIMIZATION_LEVEL = 0;
				GCC_PREPROCESSOR_DEFINITIONS = (
					"DEBUG=1",
					"$(inherited)",
				);
				GCC_WARN_64_TO_32_BIT_CONVERSION = YES;
				GCC_WARN_ABOUT_RETURN_TYPE = YES_ERROR;
				GCC_WARN_UNDECLARED_SELECTOR = YES;
				GCC_WARN_UNINITIALIZED_AUTOS = YES_AGGRESSIVE;
				GCC_WARN_UNUSED_FUNCTION = YES;
				GCC_WARN_UNUSED_VARIABLE = YES;
				IPHONEOS_DEPLOYMENT_TARGET = 13.7;
				MTL_ENABLE_DEBUG_INFO = INCLUDE_SOURCE;
				MTL_FAST_MATH = YES;
				ONLY_ACTIVE_ARCH = YES;
				SDKROOT = iphoneos;
				SWIFT_ACTIVE_COMPILATION_CONDITIONS = DEBUG;
				SWIFT_OPTIMIZATION_LEVEL = "-Onone";
			};
			name = Debug;
		};
		C095B22D250F313B000AC71B /* Release */ = {
			isa = XCBuildConfiguration;
			buildSettings = {
				ALWAYS_SEARCH_USER_PATHS = NO;
				CLANG_ANALYZER_NONNULL = YES;
				CLANG_ANALYZER_NUMBER_OBJECT_CONVERSION = YES_AGGRESSIVE;
				CLANG_CXX_LANGUAGE_STANDARD = "gnu++14";
				CLANG_CXX_LIBRARY = "libc++";
				CLANG_ENABLE_MODULES = YES;
				CLANG_ENABLE_OBJC_ARC = YES;
				CLANG_ENABLE_OBJC_WEAK = YES;
				CLANG_WARN_BLOCK_CAPTURE_AUTORELEASING = YES;
				CLANG_WARN_BOOL_CONVERSION = YES;
				CLANG_WARN_COMMA = YES;
				CLANG_WARN_CONSTANT_CONVERSION = YES;
				CLANG_WARN_DEPRECATED_OBJC_IMPLEMENTATIONS = YES;
				CLANG_WARN_DIRECT_OBJC_ISA_USAGE = YES_ERROR;
				CLANG_WARN_DOCUMENTATION_COMMENTS = YES;
				CLANG_WARN_EMPTY_BODY = YES;
				CLANG_WARN_ENUM_CONVERSION = YES;
				CLANG_WARN_INFINITE_RECURSION = YES;
				CLANG_WARN_INT_CONVERSION = YES;
				CLANG_WARN_NON_LITERAL_NULL_CONVERSION = YES;
				CLANG_WARN_OBJC_IMPLICIT_RETAIN_SELF = YES;
				CLANG_WARN_OBJC_LITERAL_CONVERSION = YES;
				CLANG_WARN_OBJC_ROOT_CLASS = YES_ERROR;
				CLANG_WARN_RANGE_LOOP_ANALYSIS = YES;
				CLANG_WARN_STRICT_PROTOTYPES = YES;
				CLANG_WARN_SUSPICIOUS_MOVE = YES;
				CLANG_WARN_UNGUARDED_AVAILABILITY = YES_AGGRESSIVE;
				CLANG_WARN_UNREACHABLE_CODE = YES;
				CLANG_WARN__DUPLICATE_METHOD_MATCH = YES;
				COPY_PHASE_STRIP = NO;
				DEBUG_INFORMATION_FORMAT = "dwarf-with-dsym";
				ENABLE_NS_ASSERTIONS = NO;
				ENABLE_STRICT_OBJC_MSGSEND = YES;
				GCC_C_LANGUAGE_STANDARD = gnu11;
				GCC_NO_COMMON_BLOCKS = YES;
				GCC_WARN_64_TO_32_BIT_CONVERSION = YES;
				GCC_WARN_ABOUT_RETURN_TYPE = YES_ERROR;
				GCC_WARN_UNDECLARED_SELECTOR = YES;
				GCC_WARN_UNINITIALIZED_AUTOS = YES_AGGRESSIVE;
				GCC_WARN_UNUSED_FUNCTION = YES;
				GCC_WARN_UNUSED_VARIABLE = YES;
				IPHONEOS_DEPLOYMENT_TARGET = 13.7;
				MTL_ENABLE_DEBUG_INFO = NO;
				MTL_FAST_MATH = YES;
				SDKROOT = iphoneos;
				SWIFT_COMPILATION_MODE = wholemodule;
				SWIFT_OPTIMIZATION_LEVEL = "-O";
				VALIDATE_PRODUCT = YES;
			};
			name = Release;
		};
		C095B22F250F313B000AC71B /* Debug */ = {
			isa = XCBuildConfiguration;
			buildSettings = {
				ASSETCATALOG_COMPILER_APPICON_NAME = AppIcon;
				CODE_SIGN_STYLE = Automatic;
				DEVELOPMENT_ASSET_PATHS = "\"CoreDataProject/Preview Content\"";
				DEVELOPMENT_TEAM = 2XZ3RGN8AK;
				ENABLE_PREVIEWS = YES;
				INFOPLIST_FILE = CoreDataProject/Info.plist;
				LD_RUNPATH_SEARCH_PATHS = (
					"$(inherited)",
					"@executable_path/Frameworks",
				);
				PRODUCT_BUNDLE_IDENTIFIER = Solorio.George.CoreDataProject;
				PRODUCT_NAME = "$(TARGET_NAME)";
				SWIFT_VERSION = 5.0;
				TARGETED_DEVICE_FAMILY = "1,2";
			};
			name = Debug;
		};
		C095B230250F313B000AC71B /* Release */ = {
			isa = XCBuildConfiguration;
			buildSettings = {
				ASSETCATALOG_COMPILER_APPICON_NAME = AppIcon;
				CODE_SIGN_STYLE = Automatic;
				DEVELOPMENT_ASSET_PATHS = "\"CoreDataProject/Preview Content\"";
				DEVELOPMENT_TEAM = 2XZ3RGN8AK;
				ENABLE_PREVIEWS = YES;
				INFOPLIST_FILE = CoreDataProject/Info.plist;
				LD_RUNPATH_SEARCH_PATHS = (
					"$(inherited)",
					"@executable_path/Frameworks",
				);
				PRODUCT_BUNDLE_IDENTIFIER = Solorio.George.CoreDataProject;
				PRODUCT_NAME = "$(TARGET_NAME)";
				SWIFT_VERSION = 5.0;
				TARGETED_DEVICE_FAMILY = "1,2";
			};
			name = Release;
		};
/* End XCBuildConfiguration section */

/* Begin XCConfigurationList section */
		C095B212250F313A000AC71B /* Build configuration list for PBXProject "CoreDataProject" */ = {
			isa = XCConfigurationList;
			buildConfigurations = (
				C095B22C250F313B000AC71B /* Debug */,
				C095B22D250F313B000AC71B /* Release */,
			);
			defaultConfigurationIsVisible = 0;
			defaultConfigurationName = Release;
		};
		C095B22E250F313B000AC71B /* Build configuration list for PBXNativeTarget "CoreDataProject" */ = {
			isa = XCConfigurationList;
			buildConfigurations = (
				C095B22F250F313B000AC71B /* Debug */,
				C095B230250F313B000AC71B /* Release */,
			);
			defaultConfigurationIsVisible = 0;
			defaultConfigurationName = Release;
		};
/* End XCConfigurationList section */

/* Begin XCVersionGroup section */
		C095B21E250F313A000AC71B /* CoreDataProject.xcdatamodeld */ = {
			isa = XCVersionGroup;
			children = (
				C095B21F250F313A000AC71B /* CoreDataProject.xcdatamodel */,
			);
			currentVersion = C095B21F250F313A000AC71B /* CoreDataProject.xcdatamodel */;
			path = CoreDataProject.xcdatamodeld;
			sourceTree = "<group>";
			versionGroupType = wrapper.xcdatamodel;
		};
/* End XCVersionGroup section */
	};
	rootObject = C095B20F250F313A000AC71B /* Project object */;
}
