// !$*UTF8*$!
{
	archiveVersion = 1;
	classes = {
	};
	objectVersion = 50;
	objects = {

/* Begin PBXBuildFile section */
		C02913A5250ABEED00E6F5BC /* AppDelegate.swift in Sources */ = {isa = PBXBuildFile; fileRef = C02913A4250ABEED00E6F5BC /* AppDelegate.swift */; };
		C02913A7250ABEED00E6F5BC /* SceneDelegate.swift in Sources */ = {isa = PBXBuildFile; fileRef = C02913A6250ABEED00E6F5BC /* SceneDelegate.swift */; };
		C02913A9250ABEED00E6F5BC /* ContentView.swift in Sources */ = {isa = PBXBuildFile; fileRef = C02913A8250ABEED00E6F5BC /* ContentView.swift */; };
		C02913AB250ABEEE00E6F5BC /* Assets.xcassets in Resources */ = {isa = PBXBuildFile; fileRef = C02913AA250ABEEE00E6F5BC /* Assets.xcassets */; };
		C02913AE250ABEEE00E6F5BC /* Preview Assets.xcassets in Resources */ = {isa = PBXBuildFile; fileRef = C02913AD250ABEEE00E6F5BC /* Preview Assets.xcassets */; };
		C02913B1250ABEEE00E6F5BC /* LaunchScreen.storyboard in Resources */ = {isa = PBXBuildFile; fileRef = C02913AF250ABEEE00E6F5BC /* LaunchScreen.storyboard */; };
		C02913B9250ACFA300E6F5BC /* Order.swift in Sources */ = {isa = PBXBuildFile; fileRef = C02913B8250ACFA300E6F5BC /* Order.swift */; };
		C02913BB250B0BE900E6F5BC /* AddressView.swift in Sources */ = {isa = PBXBuildFile; fileRef = C02913BA250B0BE900E6F5BC /* AddressView.swift */; };
		C02913BD250B0E6500E6F5BC /* CheckoutView.swift in Sources */ = {isa = PBXBuildFile; fileRef = C02913BC250B0E6500E6F5BC /* CheckoutView.swift */; };
/* End PBXBuildFile section */

/* Begin PBXFileReference section */
		C02913A1250ABEED00E6F5BC /* CupcakeCorner.app */ = {isa = PBXFileReference; explicitFileType = wrapper.application; includeInIndex = 0; path = CupcakeCorner.app; sourceTree = BUILT_PRODUCTS_DIR; };
		C02913A4250ABEED00E6F5BC /* AppDelegate.swift */ = {isa = PBXFileReference; lastKnownFileType = sourcecode.swift; path = AppDelegate.swift; sourceTree = "<group>"; };
		C02913A6250ABEED00E6F5BC /* SceneDelegate.swift */ = {isa = PBXFileReference; lastKnownFileType = sourcecode.swift; path = SceneDelegate.swift; sourceTree = "<group>"; };
		C02913A8250ABEED00E6F5BC /* ContentView.swift */ = {isa = PBXFileReference; lastKnownFileType = sourcecode.swift; path = ContentView.swift; sourceTree = "<group>"; };
		C02913AA250ABEEE00E6F5BC /* Assets.xcassets */ = {isa = PBXFileReference; lastKnownFileType = folder.assetcatalog; path = Assets.xcassets; sourceTree = "<group>"; };
		C02913AD250ABEEE00E6F5BC /* Preview Assets.xcassets */ = {isa = PBXFileReference; lastKnownFileType = folder.assetcatalog; path = "Preview Assets.xcassets"; sourceTree = "<group>"; };
		C02913B0250ABEEE00E6F5BC /* Base */ = {isa = PBXFileReference; lastKnownFileType = file.storyboard; name = Base; path = Base.lproj/LaunchScreen.storyboard; sourceTree = "<group>"; };
		C02913B2250ABEEE00E6F5BC /* Info.plist */ = {isa = PBXFileReference; lastKnownFileType = text.plist.xml; path = Info.plist; sourceTree = "<group>"; };
		C02913B8250ACFA300E6F5BC /* Order.swift */ = {isa = PBXFileReference; lastKnownFileType = sourcecode.swift; path = Order.swift; sourceTree = "<group>"; };
		C02913BA250B0BE900E6F5BC /* AddressView.swift */ = {isa = PBXFileReference; lastKnownFileType = sourcecode.swift; path = AddressView.swift; sourceTree = "<group>"; };
		C02913BC250B0E6500E6F5BC /* CheckoutView.swift */ = {isa = PBXFileReference; lastKnownFileType = sourcecode.swift; path = CheckoutView.swift; sourceTree = "<group>"; };
/* End PBXFileReference section */

/* Begin PBXFrameworksBuildPhase section */
		C029139E250ABEED00E6F5BC /* Frameworks */ = {
			isa = PBXFrameworksBuildPhase;
			buildActionMask = 2147483647;
			files = (
			);
			runOnlyForDeploymentPostprocessing = 0;
		};
/* End PBXFrameworksBuildPhase section */

/* Begin PBXGroup section */
		C0291398250ABEED00E6F5BC = {
			isa = PBXGroup;
			children = (
				C02913A3250ABEED00E6F5BC /* CupcakeCorner */,
				C02913A2250ABEED00E6F5BC /* Products */,
			);
			sourceTree = "<group>";
		};
		C02913A2250ABEED00E6F5BC /* Products */ = {
			isa = PBXGroup;
			children = (
				C02913A1250ABEED00E6F5BC /* CupcakeCorner.app */,
			);
			name = Products;
			sourceTree = "<group>";
		};
		C02913A3250ABEED00E6F5BC /* CupcakeCorner */ = {
			isa = PBXGroup;
			children = (
				C02913A4250ABEED00E6F5BC /* AppDelegate.swift */,
				C02913A6250ABEED00E6F5BC /* SceneDelegate.swift */,
				C02913A8250ABEED00E6F5BC /* ContentView.swift */,
				C02913B8250ACFA300E6F5BC /* Order.swift */,
				C02913BA250B0BE900E6F5BC /* AddressView.swift */,
				C02913BC250B0E6500E6F5BC /* CheckoutView.swift */,
				C02913AA250ABEEE00E6F5BC /* Assets.xcassets */,
				C02913AF250ABEEE00E6F5BC /* LaunchScreen.storyboard */,
				C02913B2250ABEEE00E6F5BC /* Info.plist */,
				C02913AC250ABEEE00E6F5BC /* Preview Content */,
			);
			path = CupcakeCorner;
			sourceTree = "<group>";
		};
		C02913AC250ABEEE00E6F5BC /* Preview Content */ = {
			isa = PBXGroup;
			children = (
				C02913AD250ABEEE00E6F5BC /* Preview Assets.xcassets */,
			);
			path = "Preview Content";
			sourceTree = "<group>";
		};
/* End PBXGroup section */

/* Begin PBXNativeTarget section */
		C02913A0250ABEED00E6F5BC /* CupcakeCorner */ = {
			isa = PBXNativeTarget;
			buildConfigurationList = C02913B5250ABEEE00E6F5BC /* Build configuration list for PBXNativeTarget "CupcakeCorner" */;
			buildPhases = (
				C029139D250ABEED00E6F5BC /* Sources */,
				C029139E250ABEED00E6F5BC /* Frameworks */,
				C029139F250ABEED00E6F5BC /* Resources */,
			);
			buildRules = (
			);
			dependencies = (
			);
			name = CupcakeCorner;
			productName = CupcakeCorner;
			productReference = C02913A1250ABEED00E6F5BC /* CupcakeCorner.app */;
			productType = "com.apple.product-type.application";
		};
/* End PBXNativeTarget section */

/* Begin PBXProject section */
		C0291399250ABEED00E6F5BC /* Project object */ = {
			isa = PBXProject;
			attributes = {
				LastSwiftUpdateCheck = 1170;
				LastUpgradeCheck = 1170;
				ORGANIZATIONNAME = "George Solorio";
				TargetAttributes = {
					C02913A0250ABEED00E6F5BC = {
						CreatedOnToolsVersion = 11.7;
					};
				};
			};
			buildConfigurationList = C029139C250ABEED00E6F5BC /* Build configuration list for PBXProject "CupcakeCorner" */;
			compatibilityVersion = "Xcode 9.3";
			developmentRegion = en;
			hasScannedForEncodings = 0;
			knownRegions = (
				en,
				Base,
			);
			mainGroup = C0291398250ABEED00E6F5BC;
			productRefGroup = C02913A2250ABEED00E6F5BC /* Products */;
			projectDirPath = "";
			projectRoot = "";
			targets = (
				C02913A0250ABEED00E6F5BC /* CupcakeCorner */,
			);
		};
/* End PBXProject section */

/* Begin PBXResourcesBuildPhase section */
		C029139F250ABEED00E6F5BC /* Resources */ = {
			isa = PBXResourcesBuildPhase;
			buildActionMask = 2147483647;
			files = (
				C02913B1250ABEEE00E6F5BC /* LaunchScreen.storyboard in Resources */,
				C02913AE250ABEEE00E6F5BC /* Preview Assets.xcassets in Resources */,
				C02913AB250ABEEE00E6F5BC /* Assets.xcassets in Resources */,
			);
			runOnlyForDeploymentPostprocessing = 0;
		};
/* End PBXResourcesBuildPhase section */

/* Begin PBXSourcesBuildPhase section */
		C029139D250ABEED00E6F5BC /* Sources */ = {
			isa = PBXSourcesBuildPhase;
			buildActionMask = 2147483647;
			files = (
				C02913A5250ABEED00E6F5BC /* AppDelegate.swift in Sources */,
				C02913A7250ABEED00E6F5BC /* SceneDelegate.swift in Sources */,
				C02913BD250B0E6500E6F5BC /* CheckoutView.swift in Sources */,
				C02913B9250ACFA300E6F5BC /* Order.swift in Sources */,
				C02913A9250ABEED00E6F5BC /* ContentView.swift in Sources */,
				C02913BB250B0BE900E6F5BC /* AddressView.swift in Sources */,
			);
			runOnlyForDeploymentPostprocessing = 0;
		};
/* End PBXSourcesBuildPhase section */

/* Begin PBXVariantGroup section */
		C02913AF250ABEEE00E6F5BC /* LaunchScreen.storyboard */ = {
			isa = PBXVariantGroup;
			children = (
				C02913B0250ABEEE00E6F5BC /* Base */,
			);
			name = LaunchScreen.storyboard;
			sourceTree = "<group>";
		};
/* End PBXVariantGroup section */

/* Begin XCBuildConfiguration section */
		C02913B3250ABEEE00E6F5BC /* Debug */ = {
			isa = XCBuildConfiguration;
			buildSettings = {
				ALWAYS_SEARCH_USER_PATHS = NO;
				CLANG_ANALYZER_NONNULL = YES;
				CLANG_ANALYZER_NUMBER_OBJECT_CONVERSION = YES_AGGRESSIVE;
				CLANG_CXX_LANGUAGE_STANDARD = "gnu++14";
				CLANG_CXX_LIBRARY = "libc++";
				CLANG_ENABLE_MODULES = YES;
				CLANG_ENABLE_OBJC_ARC = YES;
				CLANG_ENABLE_OBJC_WEAK = YES;
				CLANG_WARN_BLOCK_CAPTURE_AUTORELEASING = YES;
				CLANG_WARN_BOOL_CONVERSION = YES;
				CLANG_WARN_COMMA = YES;
				CLANG_WARN_CONSTANT_CONVERSION = YES;
				CLANG_WARN_DEPRECATED_OBJC_IMPLEMENTATIONS = YES;
				CLANG_WARN_DIRECT_OBJC_ISA_USAGE = YES_ERROR;
				CLANG_WARN_DOCUMENTATION_COMMENTS = YES;
				CLANG_WARN_EMPTY_BODY = YES;
				CLANG_WARN_ENUM_CONVERSION = YES;
				CLANG_WARN_INFINITE_RECURSION = YES;
				CLANG_WARN_INT_CONVERSION = YES;
				CLANG_WARN_NON_LITERAL_NULL_CONVERSION = YES;
				CLANG_WARN_OBJC_IMPLICIT_RETAIN_SELF = YES;
				CLANG_WARN_OBJC_LITERAL_CONVERSION = YES;
				CLANG_WARN_OBJC_ROOT_CLASS = YES_ERROR;
				CLANG_WARN_RANGE_LOOP_ANALYSIS = YES;
				CLANG_WARN_STRICT_PROTOTYPES = YES;
				CLANG_WARN_SUSPICIOUS_MOVE = YES;
				CLANG_WARN_UNGUARDED_AVAILABILITY = YES_AGGRESSIVE;
				CLANG_WARN_UNREACHABLE_CODE = YES;
				CLANG_WARN__DUPLICATE_METHOD_MATCH = YES;
				COPY_PHASE_STRIP = NO;
				DEBUG_INFORMATION_FORMAT = dwarf;
				ENABLE_STRICT_OBJC_MSGSEND = YES;
				ENABLE_TESTABILITY = YES;
				GCC_C_LANGUAGE_STANDARD = gnu11;
				GCC_DYNAMIC_NO_PIC = NO;
				GCC_NO_COMMON_BLOCKS = YES;
				GCC_OPTIMIZATION_LEVEL = 0;
				GCC_PREPROCESSOR_DEFINITIONS = (
					"DEBUG=1",
					"$(inherited)",
				);
				GCC_WARN_64_TO_32_BIT_CONVERSION = YES;
				GCC_WARN_ABOUT_RETURN_TYPE = YES_ERROR;
				GCC_WARN_UNDECLARED_SELECTOR = YES;
				GCC_WARN_UNINITIALIZED_AUTOS = YES_AGGRESSIVE;
				GCC_WARN_UNUSED_FUNCTION = YES;
				GCC_WARN_UNUSED_VARIABLE = YES;
				IPHONEOS_DEPLOYMENT_TARGET = 13.7;
				MTL_ENABLE_DEBUG_INFO = INCLUDE_SOURCE;
				MTL_FAST_MATH = YES;
				ONLY_ACTIVE_ARCH = YES;
				SDKROOT = iphoneos;
				SWIFT_ACTIVE_COMPILATION_CONDITIONS = DEBUG;
				SWIFT_OPTIMIZATION_LEVEL = "-Onone";
			};
			name = Debug;
		};
		C02913B4250ABEEE00E6F5BC /* Release */ = {
			isa = XCBuildConfiguration;
			buildSettings = {
				ALWAYS_SEARCH_USER_PATHS = NO;
				CLANG_ANALYZER_NONNULL = YES;
				CLANG_ANALYZER_NUMBER_OBJECT_CONVERSION = YES_AGGRESSIVE;
				CLANG_CXX_LANGUAGE_STANDARD = "gnu++14";
				CLANG_CXX_LIBRARY = "libc++";
				CLANG_ENABLE_MODULES = YES;
				CLANG_ENABLE_OBJC_ARC = YES;
				CLANG_ENABLE_OBJC_WEAK = YES;
				CLANG_WARN_BLOCK_CAPTURE_AUTORELEASING = YES;
				CLANG_WARN_BOOL_CONVERSION = YES;
				CLANG_WARN_COMMA = YES;
				CLANG_WARN_CONSTANT_CONVERSION = YES;
				CLANG_WARN_DEPRECATED_OBJC_IMPLEMENTATIONS = YES;
				CLANG_WARN_DIRECT_OBJC_ISA_USAGE = YES_ERROR;
				CLANG_WARN_DOCUMENTATION_COMMENTS = YES;
				CLANG_WARN_EMPTY_BODY = YES;
				CLANG_WARN_ENUM_CONVERSION = YES;
				CLANG_WARN_INFINITE_RECURSION = YES;
				CLANG_WARN_INT_CONVERSION = YES;
				CLANG_WARN_NON_LITERAL_NULL_CONVERSION = YES;
				CLANG_WARN_OBJC_IMPLICIT_RETAIN_SELF = YES;
				CLANG_WARN_OBJC_LITERAL_CONVERSION = YES;
				CLANG_WARN_OBJC_ROOT_CLASS = YES_ERROR;
				CLANG_WARN_RANGE_LOOP_ANALYSIS = YES;
				CLANG_WARN_STRICT_PROTOTYPES = YES;
				CLANG_WARN_SUSPICIOUS_MOVE = YES;
				CLANG_WARN_UNGUARDED_AVAILABILITY = YES_AGGRESSIVE;
				CLANG_WARN_UNREACHABLE_CODE = YES;
				CLANG_WARN__DUPLICATE_METHOD_MATCH = YES;
				COPY_PHASE_STRIP = NO;
				DEBUG_INFORMATION_FORMAT = "dwarf-with-dsym";
				ENABLE_NS_ASSERTIONS = NO;
				ENABLE_STRICT_OBJC_MSGSEND = YES;
				GCC_C_LANGUAGE_STANDARD = gnu11;
				GCC_NO_COMMON_BLOCKS = YES;
				GCC_WARN_64_TO_32_BIT_CONVERSION = YES;
				GCC_WARN_ABOUT_RETURN_TYPE = YES_ERROR;
				GCC_WARN_UNDECLARED_SELECTOR = YES;
				GCC_WARN_UNINITIALIZED_AUTOS = YES_AGGRESSIVE;
				GCC_WARN_UNUSED_FUNCTION = YES;
				GCC_WARN_UNUSED_VARIABLE = YES;
				IPHONEOS_DEPLOYMENT_TARGET = 13.7;
				MTL_ENABLE_DEBUG_INFO = NO;
				MTL_FAST_MATH = YES;
				SDKROOT = iphoneos;
				SWIFT_COMPILATION_MODE = wholemodule;
				SWIFT_OPTIMIZATION_LEVEL = "-O";
				VALIDATE_PRODUCT = YES;
			};
			name = Release;
		};
		C02913B6250ABEEE00E6F5BC /* Debug */ = {
			isa = XCBuildConfiguration;
			buildSettings = {
				ASSETCATALOG_COMPILER_APPICON_NAME = AppIcon;
				CODE_SIGN_STYLE = Automatic;
				DEVELOPMENT_ASSET_PATHS = "\"CupcakeCorner/Preview Content\"";
				DEVELOPMENT_TEAM = 2XZ3RGN8AK;
				ENABLE_PREVIEWS = YES;
				INFOPLIST_FILE = CupcakeCorner/Info.plist;
				LD_RUNPATH_SEARCH_PATHS = (
					"$(inherited)",
					"@executable_path/Frameworks",
				);
				PRODUCT_BUNDLE_IDENTIFIER = Solorio.George.CupcakeCorner;
				PRODUCT_NAME = "$(TARGET_NAME)";
				SWIFT_VERSION = 5.0;
				TARGETED_DEVICE_FAMILY = "1,2";
			};
			name = Debug;
		};
		C02913B7250ABEEE00E6F5BC /* Release */ = {
			isa = XCBuildConfiguration;
			buildSettings = {
				ASSETCATALOG_COMPILER_APPICON_NAME = AppIcon;
				CODE_SIGN_STYLE = Automatic;
				DEVELOPMENT_ASSET_PATHS = "\"CupcakeCorner/Preview Content\"";
				DEVELOPMENT_TEAM = 2XZ3RGN8AK;
				ENABLE_PREVIEWS = YES;
				INFOPLIST_FILE = CupcakeCorner/Info.plist;
				LD_RUNPATH_SEARCH_PATHS = (
					"$(inherited)",
					"@executable_path/Frameworks",
				);
				PRODUCT_BUNDLE_IDENTIFIER = Solorio.George.CupcakeCorner;
				PRODUCT_NAME = "$(TARGET_NAME)";
				SWIFT_VERSION = 5.0;
				TARGETED_DEVICE_FAMILY = "1,2";
			};
			name = Release;
		};
/* End XCBuildConfiguration section */

/* Begin XCConfigurationList section */
		C029139C250ABEED00E6F5BC /* Build configuration list for PBXProject "CupcakeCorner" */ = {
			isa = XCConfigurationList;
			buildConfigurations = (
				C02913B3250ABEEE00E6F5BC /* Debug */,
				C02913B4250ABEEE00E6F5BC /* Release */,
			);
			defaultConfigurationIsVisible = 0;
			defaultConfigurationName = Release;
		};
		C02913B5250ABEEE00E6F5BC /* Build configuration list for PBXNativeTarget "CupcakeCorner" */ = {
			isa = XCConfigurationList;
			buildConfigurations = (
				C02913B6250ABEEE00E6F5BC /* Debug */,
				C02913B7250ABEEE00E6F5BC /* Release */,
			);
			defaultConfigurationIsVisible = 0;
			defaultConfigurationName = Release;
		};
/* End XCConfigurationList section */
	};
	rootObject = C0291399250ABEED00E6F5BC /* Project object */;
}
